
Microsoft Visual Studio Solution File, Format Version 12.00
# Visual Studio Version 17
VisualStudioVersion = 17.3.32811.315
MinimumVisualStudioVersion = 10.0.40219.1
Project("{9A19103F-16F7-4668-BE54-9A1E7A4F7556}") = "WinYahtzee", "WinYahtzee\WinYahtzee.csproj", "{258276DB-4BDC-4E69-8910-481890BCEDBB}"
EndProject
Project("{9A19103F-16F7-4668-BE54-9A1E7A4F7556}") = "RollDice", "RollDice\RollDice.csproj", "{EE5E7CA2-42A2-48FA-9463-842016F91B6C}"
EndProject
Project("{9A19103F-16F7-4668-BE54-9A1E7A4F7556}") = "ScoreOnes", "ScoreOnes\ScoreOnes.csproj", "{B2FCBF8A-F528-4361-A0D2-181DBDD48AB4}"
EndProject
Project("{9A19103F-16F7-4668-BE54-9A1E7A4F7556}") = "ScoreTwos", "ScoreTwos\ScoreTwos.csproj", "{0C469C4E-A945-462D-AB0B-758D4D6303D0}"
EndProject
Project("{9A19103F-16F7-4668-BE54-9A1E7A4F7556}") = "ScoreThrees", "ScoreThrees\ScoreThrees.csproj", "{7AB55FDA-F09D-4CA1-A10C-E0058A649F70}"
EndProject
Project("{9A19103F-16F7-4668-BE54-9A1E7A4F7556}") = "ScoreFours", "ScoreFours\ScoreFours.csproj", "{815EA285-0EA3-47AD-8EE6-44A58E1F14B9}"
EndProject
Project("{9A19103F-16F7-4668-BE54-9A1E7A4F7556}") = "ScoreFives", "ScoreFives\ScoreFives.csproj", "{5798AA8A-A833-4434-936A-364F28634F64}"
EndProject
Project("{9A19103F-16F7-4668-BE54-9A1E7A4F7556}") = "ScoreSixes", "ScoreSixes\ScoreSixes.csproj", "{4765C80C-C7FA-44CE-BBC4-E72355E7BFE2}"
EndProject
Project("{9A19103F-16F7-4668-BE54-9A1E7A4F7556}") = "Score3ofaKind", "Score3ofaKind\Score3ofaKind.csproj", "{F7655B4C-F3D5-4B7A-B826-0130BA2784D6}"
EndProject
Project("{9A19103F-16F7-4668-BE54-9A1E7A4F7556}") = "ScoreChance", "ScoreChance\ScoreChance.csproj", "{2F2EC7A5-ADA2-4085-9866-B0B89769E06D}"
EndProject
Project("{9A19103F-16F7-4668-BE54-9A1E7A4F7556}") = "ScoreYahtzee", "ScoreYahtzee\ScoreYahtzee.csproj", "{E761FCC3-571A-431B-8248-ECE77973BE0D}"
EndProject
Project("{9A19103F-16F7-4668-BE54-9A1E7A4F7556}") = "Score4K", "Score4K\Score4K.csproj", "{92D159F4-20B8-4102-9B9B-B4CF5A863B5E}"
EndProject
Project("{9A19103F-16F7-4668-BE54-9A1E7A4F7556}") = "ScoreFullHouse", "ScoreFullHouse\ScoreFullHouse.csproj", "{B79908D7-63B2-4F8B-AE24-6518D55D9A86}"
EndProject
Project("{9A19103F-16F7-4668-BE54-9A1E7A4F7556}") = "ScoreSmStraight", "ScoreSmStraight\ScoreSmStraight.csproj", "{F4AB8DA3-1072-4973-B655-B597EE17ADBF}"
EndProject
Project("{9A19103F-16F7-4668-BE54-9A1E7A4F7556}") = "ScoreLgStraight", "ScoreLgStraight\ScoreLgStraight.csproj", "{4B22ED1B-D15D-4AF3-9FE9-416ACE476895}"
EndProject
Project("{54435603-DBB4-11D2-8724-00A0C9A8B90C}") = "installYahtzee", "installYahtzee\installYahtzee.vdproj", "{A8019652-0FAE-422E-BF95-C8F0E53DFFB4}"
EndProject
Project("{FAE04EC0-301F-11D3-BF4B-00C04F79EFBC}") = "SuggestScore", "SuggestScore\SuggestScore.csproj", "{A228FD3D-17D9-4F16-8B96-443746F5764F}"
EndProject
Global
	GlobalSection(SolutionConfigurationPlatforms) = preSolution
		Debug|Any CPU = Debug|Any CPU
		Release|Any CPU = Release|Any CPU
	EndGlobalSection
	GlobalSection(ProjectConfigurationPlatforms) = postSolution
		{258276DB-4BDC-4E69-8910-481890BCEDBB}.Debug|Any CPU.ActiveCfg = Debug|Any CPU
		{258276DB-4BDC-4E69-8910-481890BCEDBB}.Debug|Any CPU.Build.0 = Debug|Any CPU
		{258276DB-4BDC-4E69-8910-481890BCEDBB}.Release|Any CPU.ActiveCfg = Release|Any CPU
		{258276DB-4BDC-4E69-8910-481890BCEDBB}.Release|Any CPU.Build.0 = Release|Any CPU
		{EE5E7CA2-42A2-48FA-9463-842016F91B6C}.Debug|Any CPU.ActiveCfg = Debug|Any CPU
		{EE5E7CA2-42A2-48FA-9463-842016F91B6C}.Debug|Any CPU.Build.0 = Debug|Any CPU
		{EE5E7CA2-42A2-48FA-9463-842016F91B6C}.Release|Any CPU.ActiveCfg = Release|Any CPU
		{EE5E7CA2-42A2-48FA-9463-842016F91B6C}.Release|Any CPU.Build.0 = Release|Any CPU
		{B2FCBF8A-F528-4361-A0D2-181DBDD48AB4}.Debug|Any CPU.ActiveCfg = Debug|Any CPU
		{B2FCBF8A-F528-4361-A0D2-181DBDD48AB4}.Debug|Any CPU.Build.0 = Debug|Any CPU
		{B2FCBF8A-F528-4361-A0D2-181DBDD48AB4}.Release|Any CPU.ActiveCfg = Release|Any CPU
		{B2FCBF8A-F528-4361-A0D2-181DBDD48AB4}.Release|Any CPU.Build.0 = Release|Any CPU
		{0C469C4E-A945-462D-AB0B-758D4D6303D0}.Debug|Any CPU.ActiveCfg = Debug|Any CPU
		{0C469C4E-A945-462D-AB0B-758D4D6303D0}.Debug|Any CPU.Build.0 = Debug|Any CPU
		{0C469C4E-A945-462D-AB0B-758D4D6303D0}.Release|Any CPU.ActiveCfg = Release|Any CPU
		{0C469C4E-A945-462D-AB0B-758D4D6303D0}.Release|Any CPU.Build.0 = Release|Any CPU
		{7AB55FDA-F09D-4CA1-A10C-E0058A649F70}.Debug|Any CPU.ActiveCfg = Debug|Any CPU
		{7AB55FDA-F09D-4CA1-A10C-E0058A649F70}.Debug|Any CPU.Build.0 = Debug|Any CPU
		{7AB55FDA-F09D-4CA1-A10C-E0058A649F70}.Release|Any CPU.ActiveCfg = Release|Any CPU
		{7AB55FDA-F09D-4CA1-A10C-E0058A649F70}.Release|Any CPU.Build.0 = Release|Any CPU
		{815EA285-0EA3-47AD-8EE6-44A58E1F14B9}.Debug|Any CPU.ActiveCfg = Debug|Any CPU
		{815EA285-0EA3-47AD-8EE6-44A58E1F14B9}.Debug|Any CPU.Build.0 = Debug|Any CPU
		{815EA285-0EA3-47AD-8EE6-44A58E1F14B9}.Release|Any CPU.ActiveCfg = Release|Any CPU
		{815EA285-0EA3-47AD-8EE6-44A58E1F14B9}.Release|Any CPU.Build.0 = Release|Any CPU
		{5798AA8A-A833-4434-936A-364F28634F64}.Debug|Any CPU.ActiveCfg = Debug|Any CPU
		{5798AA8A-A833-4434-936A-364F28634F64}.Debug|Any CPU.Build.0 = Debug|Any CPU
		{5798AA8A-A833-4434-936A-364F28634F64}.Release|Any CPU.ActiveCfg = Release|Any CPU
		{5798AA8A-A833-4434-936A-364F28634F64}.Release|Any CPU.Build.0 = Release|Any CPU
		{4765C80C-C7FA-44CE-BBC4-E72355E7BFE2}.Debug|Any CPU.ActiveCfg = Debug|Any CPU
		{4765C80C-C7FA-44CE-BBC4-E72355E7BFE2}.Debug|Any CPU.Build.0 = Debug|Any CPU
		{4765C80C-C7FA-44CE-BBC4-E72355E7BFE2}.Release|Any CPU.ActiveCfg = Release|Any CPU
		{4765C80C-C7FA-44CE-BBC4-E72355E7BFE2}.Release|Any CPU.Build.0 = Release|Any CPU
		{F7655B4C-F3D5-4B7A-B826-0130BA2784D6}.Debug|Any CPU.ActiveCfg = Debug|Any CPU
		{F7655B4C-F3D5-4B7A-B826-0130BA2784D6}.Debug|Any CPU.Build.0 = Debug|Any CPU
		{F7655B4C-F3D5-4B7A-B826-0130BA2784D6}.Release|Any CPU.ActiveCfg = Release|Any CPU
		{F7655B4C-F3D5-4B7A-B826-0130BA2784D6}.Release|Any CPU.Build.0 = Release|Any CPU
		{2F2EC7A5-ADA2-4085-9866-B0B89769E06D}.Debug|Any CPU.ActiveCfg = Debug|Any CPU
		{2F2EC7A5-ADA2-4085-9866-B0B89769E06D}.Debug|Any CPU.Build.0 = Debug|Any CPU
		{2F2EC7A5-ADA2-4085-9866-B0B89769E06D}.Release|Any CPU.ActiveCfg = Release|Any CPU
		{2F2EC7A5-ADA2-4085-9866-B0B89769E06D}.Release|Any CPU.Build.0 = Release|Any CPU
		{E761FCC3-571A-431B-8248-ECE77973BE0D}.Debug|Any CPU.ActiveCfg = Debug|Any CPU
		{E761FCC3-571A-431B-8248-ECE77973BE0D}.Debug|Any CPU.Build.0 = Debug|Any CPU
		{E761FCC3-571A-431B-8248-ECE77973BE0D}.Release|Any CPU.ActiveCfg = Release|Any CPU
		{E761FCC3-571A-431B-8248-ECE77973BE0D}.Release|Any CPU.Build.0 = Release|Any CPU
		{92D159F4-20B8-4102-9B9B-B4CF5A863B5E}.Debug|Any CPU.ActiveCfg = Debug|Any CPU
		{92D159F4-20B8-4102-9B9B-B4CF5A863B5E}.Debug|Any CPU.Build.0 = Debug|Any CPU
		{92D159F4-20B8-4102-9B9B-B4CF5A863B5E}.Release|Any CPU.ActiveCfg = Release|Any CPU
		{92D159F4-20B8-4102-9B9B-B4CF5A863B5E}.Release|Any CPU.Build.0 = Release|Any CPU
		{B79908D7-63B2-4F8B-AE24-6518D55D9A86}.Debug|Any CPU.ActiveCfg = Debug|Any CPU
		{B79908D7-63B2-4F8B-AE24-6518D55D9A86}.Debug|Any CPU.Build.0 = Debug|Any CPU
		{B79908D7-63B2-4F8B-AE24-6518D55D9A86}.Release|Any CPU.ActiveCfg = Release|Any CPU
		{B79908D7-63B2-4F8B-AE24-6518D55D9A86}.Release|Any CPU.Build.0 = Release|Any CPU
		{F4AB8DA3-1072-4973-B655-B597EE17ADBF}.Debug|Any CPU.ActiveCfg = Debug|Any CPU
		{F4AB8DA3-1072-4973-B655-B597EE17ADBF}.Debug|Any CPU.Build.0 = Debug|Any CPU
		{F4AB8DA3-1072-4973-B655-B597EE17ADBF}.Release|Any CPU.ActiveCfg = Release|Any CPU
		{F4AB8DA3-1072-4973-B655-B597EE17ADBF}.Release|Any CPU.Build.0 = Release|Any CPU
		{4B22ED1B-D15D-4AF3-9FE9-416ACE476895}.Debug|Any CPU.ActiveCfg = Debug|Any CPU
		{4B22ED1B-D15D-4AF3-9FE9-416ACE476895}.Debug|Any CPU.Build.0 = Debug|Any CPU
		{4B22ED1B-D15D-4AF3-9FE9-416ACE476895}.Release|Any CPU.ActiveCfg = Release|Any CPU
		{4B22ED1B-D15D-4AF3-9FE9-416ACE476895}.Release|Any CPU.Build.0 = Release|Any CPU
		{A8019652-0FAE-422E-BF95-C8F0E53DFFB4}.Debug|Any CPU.ActiveCfg = Debug
		{A8019652-0FAE-422E-BF95-C8F0E53DFFB4}.Release|Any CPU.ActiveCfg = Release
		{A228FD3D-17D9-4F16-8B96-443746F5764F}.Debug|Any CPU.ActiveCfg = Debug|Any CPU
		{A228FD3D-17D9-4F16-8B96-443746F5764F}.Debug|Any CPU.Build.0 = Debug|Any CPU
		{A228FD3D-17D9-4F16-8B96-443746F5764F}.Release|Any CPU.ActiveCfg = Release|Any CPU
		{A228FD3D-17D9-4F16-8B96-443746F5764F}.Release|Any CPU.Build.0 = Release|Any CPU
	EndGlobalSection
	GlobalSection(SolutionProperties) = preSolution
		HideSolutionNode = FALSE
	EndGlobalSection
	GlobalSection(ExtensibilityGlobals) = postSolution
		SolutionGuid = {8730FACD-76A4-4C3D-AD43-C6711BCC3B13}
	EndGlobalSection
EndGlobal
